
Microsoft Visual Studio Solution File, Format Version 12.00
# Visual Studio 2013
VisualStudioVersion = 12.0.21005.1
MinimumVisualStudioVersion = 10.0.40219.1
Project("{FAE04EC0-301F-11D3-BF4B-00C04F79EFBC}") = "Model", "Model\Model.csproj", "{4EE0096A-2166-49EC-AFEF-934C0E931E1F}"
EndProject
Project("{FAE04EC0-301F-11D3-BF4B-00C04F79EFBC}") = "DAL", "DAL\DAL.csproj", "{AF7B46B9-6342-4C3B-AB56-9B5ACA607599}"
EndProject
Project("{FAE04EC0-301F-11D3-BF4B-00C04F79EFBC}") = "UI", "UI\UI.csproj", "{BAF1ACC1-1EAF-42B9-BD94-3F58A7E363D1}"
EndProject
Project("{FAE04EC0-301F-11D3-BF4B-00C04F79EFBC}") = "Logica", "Logica\Logica.csproj", "{884BAEAB-AAB1-4012-92FA-F2D34539A6D4}"
EndProject
Global
	GlobalSection(SolutionConfigurationPlatforms) = preSolution
		Debug|Any CPU = Debug|Any CPU
		Release|Any CPU = Release|Any CPU
	EndGlobalSection
	GlobalSection(ProjectConfigurationPlatforms) = postSolution
		{4EE0096A-2166-49EC-AFEF-934C0E931E1F}.Debug|Any CPU.ActiveCfg = Debug|Any CPU
		{4EE0096A-2166-49EC-AFEF-934C0E931E1F}.Debug|Any CPU.Build.0 = Debug|Any CPU
		{4EE0096A-2166-49EC-AFEF-934C0E931E1F}.Release|Any CPU.ActiveCfg = Release|Any CPU
		{4EE0096A-2166-49EC-AFEF-934C0E931E1F}.Release|Any CPU.Build.0 = Release|Any CPU
		{AF7B46B9-6342-4C3B-AB56-9B5ACA607599}.Debug|Any CPU.ActiveCfg = Debug|Any CPU
		{AF7B46B9-6342-4C3B-AB56-9B5ACA607599}.Debug|Any CPU.Build.0 = Debug|Any CPU
		{AF7B46B9-6342-4C3B-AB56-9B5ACA607599}.Release|Any CPU.ActiveCfg = Release|Any CPU
		{AF7B46B9-6342-4C3B-AB56-9B5ACA607599}.Release|Any CPU.Build.0 = Release|Any CPU
		{BAF1ACC1-1EAF-42B9-BD94-3F58A7E363D1}.Debug|Any CPU.ActiveCfg = Debug|Any CPU
		{BAF1ACC1-1EAF-42B9-BD94-3F58A7E363D1}.Debug|Any CPU.Build.0 = Debug|Any CPU
		{BAF1ACC1-1EAF-42B9-BD94-3F58A7E363D1}.Release|Any CPU.ActiveCfg = Release|Any CPU
		{BAF1ACC1-1EAF-42B9-BD94-3F58A7E363D1}.Release|Any CPU.Build.0 = Release|Any CPU
		{884BAEAB-AAB1-4012-92FA-F2D34539A6D4}.Debug|Any CPU.ActiveCfg = Debug|Any CPU
		{884BAEAB-AAB1-4012-92FA-F2D34539A6D4}.Debug|Any CPU.Build.0 = Debug|Any CPU
		{884BAEAB-AAB1-4012-92FA-F2D34539A6D4}.Release|Any CPU.ActiveCfg = Release|Any CPU
		{884BAEAB-AAB1-4012-92FA-F2D34539A6D4}.Release|Any CPU.Build.0 = Release|Any CPU
	EndGlobalSection
	GlobalSection(SolutionProperties) = preSolution
		HideSolutionNode = FALSE
	EndGlobalSection
EndGlobal
